
Microsoft Visual Studio Solution File, Format Version 12.00
# Visual Studio Version 17
VisualStudioVersion = 17.10.35013.160
MinimumVisualStudioVersion = 10.0.40219.1
Project("{FAE04EC0-301F-11D3-BF4B-00C04F79EFBC}") = "Singleton", "Singleton\Singleton.csproj", "{42BA8A32-E10B-4D13-ACA3-AE4DCB06C117}"
EndProject
Global
	GlobalSection(SolutionConfigurationPlatforms) = preSolution
		Debug|Any CPU = Debug|Any CPU
		Release|Any CPU = Release|Any CPU
	EndGlobalSection
	GlobalSection(ProjectConfigurationPlatforms) = postSolution
		{42BA8A32-E10B-4D13-ACA3-AE4DCB06C117}.Debug|Any CPU.ActiveCfg = Debug|Any CPU
		{42BA8A32-E10B-4D13-ACA3-AE4DCB06C117}.Debug|Any CPU.Build.0 = Debug|Any CPU
		{42BA8A32-E10B-4D13-ACA3-AE4DCB06C117}.Release|Any CPU.ActiveCfg = Release|Any CPU
		{42BA8A32-E10B-4D13-ACA3-AE4DCB06C117}.Release|Any CPU.Build.0 = Release|Any CPU
	EndGlobalSection
	GlobalSection(SolutionProperties) = preSolution
		HideSolutionNode = FALSE
	EndGlobalSection
	GlobalSection(ExtensibilityGlobals) = postSolution
		SolutionGuid = {18411050-F267-4323-8B64-3ADB68AC12CB}
	EndGlobalSection
EndGlobal
